
Microsoft Visual Studio Solution File, Format Version 12.00
# Visual Studio 15
VisualStudioVersion = 15.0.27703.2026
MinimumVisualStudioVersion = 10.0.40219.1
Project("{FAE04EC0-301F-11D3-BF4B-00C04F79EFBC}") = "一般处理程序处理前台请求", "Demo001\一般处理程序处理前台请求.csproj", "{E91E86F6-3AD7-4BAA-AAD4-7058A591536C}"
EndProject
Project("{FAE04EC0-301F-11D3-BF4B-00C04F79EFBC}") = "Demo002", "Demo002\Demo002.csproj", "{5267C061-EC7F-405B-A746-2B5D0B543E78}"
EndProject
Project("{FAE04EC0-301F-11D3-BF4B-00C04F79EFBC}") = "Demo003", "Demo003\Demo003.csproj", "{91C5FD72-A44D-4768-911C-011EB4C9C97C}"
EndProject
Project("{FAE04EC0-301F-11D3-BF4B-00C04F79EFBC}") = "控制权转移控件", "web控件\控制权转移控件.csproj", "{72C1F1FA-DF67-4050-9D9A-AA2B3362B945}"
EndProject
Project("{2150E333-8FDC-42A3-9474-1A3956D46DE8}") = "web控件", "web控件", "{422C3A4D-F3A3-4F4A-8C89-022A3DB0B7C4}"
EndProject
Project("{FAE04EC0-301F-11D3-BF4B-00C04F79EFBC}") = "文本处理类控件", "文本处理类控件\文本处理类控件.csproj", "{1C7F9C4C-83EE-4E18-951D-52DF0654C81C}"
EndProject
Project("{FAE04EC0-301F-11D3-BF4B-00C04F79EFBC}") = "单选按钮与复选框", "单选按钮与复选框\单选按钮与复选框.csproj", "{60D7AE08-2B3D-4FA7-8CE5-4F694D2C9B70}"
EndProject
Project("{FAE04EC0-301F-11D3-BF4B-00C04F79EFBC}") = "文件的上传与下载", "文件的上传与下载\文件的上传与下载.csproj", "{B0A3C4A2-EF30-4229-A0C8-9F80C9DB1581}"
EndProject
Project("{2150E333-8FDC-42A3-9474-1A3956D46DE8}") = "List控件", "List控件", "{919B2F00-0594-493B-AC37-77218D814A7F}"
EndProject
Project("{FAE04EC0-301F-11D3-BF4B-00C04F79EFBC}") = "DropDowndList控件", "DropDowndList控件\DropDowndList控件.csproj", "{405CB02B-A377-41CC-B616-37538CAB88B8}"
EndProject
Project("{FAE04EC0-301F-11D3-BF4B-00C04F79EFBC}") = "WebApplication1", "WebApplication1\WebApplication1.csproj", "{3BDFA5D4-7362-434F-BB19-34104CD03395}"
EndProject
Project("{FAE04EC0-301F-11D3-BF4B-00C04F79EFBC}") = "母版页", "母版页\母版页.csproj", "{E535C94F-7FC0-43E5-812A-A1B6D4FF7C8F}"
EndProject
Project("{FAE04EC0-301F-11D3-BF4B-00C04F79EFBC}") = "GridView控件", "GridView控件\GridView控件.csproj", "{F366E200-2F37-417B-9AB1-6444E14B1EB6}"
EndProject
Project("{2150E333-8FDC-42A3-9474-1A3956D46DE8}") = "用户控件", "用户控件", "{CA43DBEA-F401-460E-B3A4-32C8026CBF81}"
EndProject
Project("{FAE04EC0-301F-11D3-BF4B-00C04F79EFBC}") = "用户控件的使用", "用户控件的使用\用户控件的使用.csproj", "{4730E418-BB7D-4314-943E-62A7BAE2E9C6}"
EndProject
Project("{2150E333-8FDC-42A3-9474-1A3956D46DE8}") = "Ajax", "Ajax", "{3EE3335B-70B2-4EC5-903A-536F7138F446}"
EndProject
Project("{FAE04EC0-301F-11D3-BF4B-00C04F79EFBC}") = "AjaxDemo001", "AjaxDemo001\AjaxDemo001.csproj", "{EA3DAE30-AEF8-4BD0-BADD-8222A8E3ACAF}"
EndProject
Project("{FAE04EC0-301F-11D3-BF4B-00C04F79EFBC}") = "JS轮转抽奖效果", "JS轮转抽奖效果\JS轮转抽奖效果.csproj", "{481651CE-5A42-432A-B3F9-E53D3AB6BECB}"
EndProject
Project("{FAE04EC0-301F-11D3-BF4B-00C04F79EFBC}") = "反射", "反射\反射.csproj", "{7B35D61F-B148-4B4F-A588-2E30E70DF58F}"
EndProject
Project("{2150E333-8FDC-42A3-9474-1A3956D46DE8}") = "XML文件解析", "XML文件解析", "{B242C961-239F-4809-97BB-5C4C2390F836}"
EndProject
Project("{FAE04EC0-301F-11D3-BF4B-00C04F79EFBC}") = "XML格式字符串解析", "XML格式字符串解析\XML格式字符串解析.csproj", "{08C21650-9455-4B78-8D5A-1C3D5571F5DD}"
EndProject
Project("{FAE04EC0-301F-11D3-BF4B-00C04F79EFBC}") = "Timer定时器", "Timer定时器\Timer定时器.csproj", "{43DCFD45-91B5-49A0-B25C-9D1D19C43BE3}"
EndProject
Project("{2150E333-8FDC-42A3-9474-1A3956D46DE8}") = "this关键字在构造函数中的使用", "this关键字在构造函数中的使用", "{61079885-2649-44DD-ACE6-0AB6BACCB3CC}"
EndProject
Project("{FAE04EC0-301F-11D3-BF4B-00C04F79EFBC}") = "ThisKeyWord", "ThisKeyWord\ThisKeyWord.csproj", "{22BC1435-FAA4-4A86-866D-CAC33D74DAF5}"
EndProject
Global
	GlobalSection(SolutionConfigurationPlatforms) = preSolution
		Debug|Any CPU = Debug|Any CPU
		Release|Any CPU = Release|Any CPU
	EndGlobalSection
	GlobalSection(ProjectConfigurationPlatforms) = postSolution
		{E91E86F6-3AD7-4BAA-AAD4-7058A591536C}.Debug|Any CPU.ActiveCfg = Debug|Any CPU
		{E91E86F6-3AD7-4BAA-AAD4-7058A591536C}.Debug|Any CPU.Build.0 = Debug|Any CPU
		{E91E86F6-3AD7-4BAA-AAD4-7058A591536C}.Release|Any CPU.ActiveCfg = Release|Any CPU
		{E91E86F6-3AD7-4BAA-AAD4-7058A591536C}.Release|Any CPU.Build.0 = Release|Any CPU
		{5267C061-EC7F-405B-A746-2B5D0B543E78}.Debug|Any CPU.ActiveCfg = Debug|Any CPU
		{5267C061-EC7F-405B-A746-2B5D0B543E78}.Debug|Any CPU.Build.0 = Debug|Any CPU
		{5267C061-EC7F-405B-A746-2B5D0B543E78}.Release|Any CPU.ActiveCfg = Release|Any CPU
		{5267C061-EC7F-405B-A746-2B5D0B543E78}.Release|Any CPU.Build.0 = Release|Any CPU
		{91C5FD72-A44D-4768-911C-011EB4C9C97C}.Debug|Any CPU.ActiveCfg = Debug|Any CPU
		{91C5FD72-A44D-4768-911C-011EB4C9C97C}.Debug|Any CPU.Build.0 = Debug|Any CPU
		{91C5FD72-A44D-4768-911C-011EB4C9C97C}.Release|Any CPU.ActiveCfg = Release|Any CPU
		{91C5FD72-A44D-4768-911C-011EB4C9C97C}.Release|Any CPU.Build.0 = Release|Any CPU
		{72C1F1FA-DF67-4050-9D9A-AA2B3362B945}.Debug|Any CPU.ActiveCfg = Debug|Any CPU
		{72C1F1FA-DF67-4050-9D9A-AA2B3362B945}.Debug|Any CPU.Build.0 = Debug|Any CPU
		{72C1F1FA-DF67-4050-9D9A-AA2B3362B945}.Release|Any CPU.ActiveCfg = Release|Any CPU
		{72C1F1FA-DF67-4050-9D9A-AA2B3362B945}.Release|Any CPU.Build.0 = Release|Any CPU
		{1C7F9C4C-83EE-4E18-951D-52DF0654C81C}.Debug|Any CPU.ActiveCfg = Debug|Any CPU
		{1C7F9C4C-83EE-4E18-951D-52DF0654C81C}.Debug|Any CPU.Build.0 = Debug|Any CPU
		{1C7F9C4C-83EE-4E18-951D-52DF0654C81C}.Release|Any CPU.ActiveCfg = Release|Any CPU
		{1C7F9C4C-83EE-4E18-951D-52DF0654C81C}.Release|Any CPU.Build.0 = Release|Any CPU
		{60D7AE08-2B3D-4FA7-8CE5-4F694D2C9B70}.Debug|Any CPU.ActiveCfg = Debug|Any CPU
		{60D7AE08-2B3D-4FA7-8CE5-4F694D2C9B70}.Debug|Any CPU.Build.0 = Debug|Any CPU
		{60D7AE08-2B3D-4FA7-8CE5-4F694D2C9B70}.Release|Any CPU.ActiveCfg = Release|Any CPU
		{60D7AE08-2B3D-4FA7-8CE5-4F694D2C9B70}.Release|Any CPU.Build.0 = Release|Any CPU
		{B0A3C4A2-EF30-4229-A0C8-9F80C9DB1581}.Debug|Any CPU.ActiveCfg = Debug|Any CPU
		{B0A3C4A2-EF30-4229-A0C8-9F80C9DB1581}.Debug|Any CPU.Build.0 = Debug|Any CPU
		{B0A3C4A2-EF30-4229-A0C8-9F80C9DB1581}.Release|Any CPU.ActiveCfg = Release|Any CPU
		{B0A3C4A2-EF30-4229-A0C8-9F80C9DB1581}.Release|Any CPU.Build.0 = Release|Any CPU
		{405CB02B-A377-41CC-B616-37538CAB88B8}.Debug|Any CPU.ActiveCfg = Debug|Any CPU
		{405CB02B-A377-41CC-B616-37538CAB88B8}.Debug|Any CPU.Build.0 = Debug|Any CPU
		{405CB02B-A377-41CC-B616-37538CAB88B8}.Release|Any CPU.ActiveCfg = Release|Any CPU
		{405CB02B-A377-41CC-B616-37538CAB88B8}.Release|Any CPU.Build.0 = Release|Any CPU
		{3BDFA5D4-7362-434F-BB19-34104CD03395}.Debug|Any CPU.ActiveCfg = Debug|Any CPU
		{3BDFA5D4-7362-434F-BB19-34104CD03395}.Debug|Any CPU.Build.0 = Debug|Any CPU
		{3BDFA5D4-7362-434F-BB19-34104CD03395}.Release|Any CPU.ActiveCfg = Release|Any CPU
		{3BDFA5D4-7362-434F-BB19-34104CD03395}.Release|Any CPU.Build.0 = Release|Any CPU
		{E535C94F-7FC0-43E5-812A-A1B6D4FF7C8F}.Debug|Any CPU.ActiveCfg = Debug|Any CPU
		{E535C94F-7FC0-43E5-812A-A1B6D4FF7C8F}.Debug|Any CPU.Build.0 = Debug|Any CPU
		{E535C94F-7FC0-43E5-812A-A1B6D4FF7C8F}.Release|Any CPU.ActiveCfg = Release|Any CPU
		{E535C94F-7FC0-43E5-812A-A1B6D4FF7C8F}.Release|Any CPU.Build.0 = Release|Any CPU
		{F366E200-2F37-417B-9AB1-6444E14B1EB6}.Debug|Any CPU.ActiveCfg = Debug|Any CPU
		{F366E200-2F37-417B-9AB1-6444E14B1EB6}.Debug|Any CPU.Build.0 = Debug|Any CPU
		{F366E200-2F37-417B-9AB1-6444E14B1EB6}.Release|Any CPU.ActiveCfg = Release|Any CPU
		{F366E200-2F37-417B-9AB1-6444E14B1EB6}.Release|Any CPU.Build.0 = Release|Any CPU
		{4730E418-BB7D-4314-943E-62A7BAE2E9C6}.Debug|Any CPU.ActiveCfg = Debug|Any CPU
		{4730E418-BB7D-4314-943E-62A7BAE2E9C6}.Debug|Any CPU.Build.0 = Debug|Any CPU
		{4730E418-BB7D-4314-943E-62A7BAE2E9C6}.Release|Any CPU.ActiveCfg = Release|Any CPU
		{4730E418-BB7D-4314-943E-62A7BAE2E9C6}.Release|Any CPU.Build.0 = Release|Any CPU
		{EA3DAE30-AEF8-4BD0-BADD-8222A8E3ACAF}.Debug|Any CPU.ActiveCfg = Debug|Any CPU
		{EA3DAE30-AEF8-4BD0-BADD-8222A8E3ACAF}.Debug|Any CPU.Build.0 = Debug|Any CPU
		{EA3DAE30-AEF8-4BD0-BADD-8222A8E3ACAF}.Release|Any CPU.ActiveCfg = Release|Any CPU
		{EA3DAE30-AEF8-4BD0-BADD-8222A8E3ACAF}.Release|Any CPU.Build.0 = Release|Any CPU
		{481651CE-5A42-432A-B3F9-E53D3AB6BECB}.Debug|Any CPU.ActiveCfg = Debug|Any CPU
		{481651CE-5A42-432A-B3F9-E53D3AB6BECB}.Debug|Any CPU.Build.0 = Debug|Any CPU
		{481651CE-5A42-432A-B3F9-E53D3AB6BECB}.Release|Any CPU.ActiveCfg = Release|Any CPU
		{481651CE-5A42-432A-B3F9-E53D3AB6BECB}.Release|Any CPU.Build.0 = Release|Any CPU
		{7B35D61F-B148-4B4F-A588-2E30E70DF58F}.Debug|Any CPU.ActiveCfg = Debug|Any CPU
		{7B35D61F-B148-4B4F-A588-2E30E70DF58F}.Debug|Any CPU.Build.0 = Debug|Any CPU
		{7B35D61F-B148-4B4F-A588-2E30E70DF58F}.Release|Any CPU.ActiveCfg = Release|Any CPU
		{7B35D61F-B148-4B4F-A588-2E30E70DF58F}.Release|Any CPU.Build.0 = Release|Any CPU
		{08C21650-9455-4B78-8D5A-1C3D5571F5DD}.Debug|Any CPU.ActiveCfg = Debug|Any CPU
		{08C21650-9455-4B78-8D5A-1C3D5571F5DD}.Debug|Any CPU.Build.0 = Debug|Any CPU
		{08C21650-9455-4B78-8D5A-1C3D5571F5DD}.Release|Any CPU.ActiveCfg = Release|Any CPU
		{08C21650-9455-4B78-8D5A-1C3D5571F5DD}.Release|Any CPU.Build.0 = Release|Any CPU
		{43DCFD45-91B5-49A0-B25C-9D1D19C43BE3}.Debug|Any CPU.ActiveCfg = Debug|Any CPU
		{43DCFD45-91B5-49A0-B25C-9D1D19C43BE3}.Debug|Any CPU.Build.0 = Debug|Any CPU
		{43DCFD45-91B5-49A0-B25C-9D1D19C43BE3}.Release|Any CPU.ActiveCfg = Release|Any CPU
		{43DCFD45-91B5-49A0-B25C-9D1D19C43BE3}.Release|Any CPU.Build.0 = Release|Any CPU
		{22BC1435-FAA4-4A86-866D-CAC33D74DAF5}.Debug|Any CPU.ActiveCfg = Debug|Any CPU
		{22BC1435-FAA4-4A86-866D-CAC33D74DAF5}.Debug|Any CPU.Build.0 = Debug|Any CPU
		{22BC1435-FAA4-4A86-866D-CAC33D74DAF5}.Release|Any CPU.ActiveCfg = Release|Any CPU
		{22BC1435-FAA4-4A86-866D-CAC33D74DAF5}.Release|Any CPU.Build.0 = Release|Any CPU
	EndGlobalSection
	GlobalSection(SolutionProperties) = preSolution
		HideSolutionNode = FALSE
	EndGlobalSection
	GlobalSection(NestedProjects) = preSolution
		{72C1F1FA-DF67-4050-9D9A-AA2B3362B945} = {422C3A4D-F3A3-4F4A-8C89-022A3DB0B7C4}
		{1C7F9C4C-83EE-4E18-951D-52DF0654C81C} = {422C3A4D-F3A3-4F4A-8C89-022A3DB0B7C4}
		{60D7AE08-2B3D-4FA7-8CE5-4F694D2C9B70} = {422C3A4D-F3A3-4F4A-8C89-022A3DB0B7C4}
		{B0A3C4A2-EF30-4229-A0C8-9F80C9DB1581} = {422C3A4D-F3A3-4F4A-8C89-022A3DB0B7C4}
		{405CB02B-A377-41CC-B616-37538CAB88B8} = {919B2F00-0594-493B-AC37-77218D814A7F}
		{3BDFA5D4-7362-434F-BB19-34104CD03395} = {919B2F00-0594-493B-AC37-77218D814A7F}
		{E535C94F-7FC0-43E5-812A-A1B6D4FF7C8F} = {422C3A4D-F3A3-4F4A-8C89-022A3DB0B7C4}
		{F366E200-2F37-417B-9AB1-6444E14B1EB6} = {422C3A4D-F3A3-4F4A-8C89-022A3DB0B7C4}
		{4730E418-BB7D-4314-943E-62A7BAE2E9C6} = {CA43DBEA-F401-460E-B3A4-32C8026CBF81}
		{EA3DAE30-AEF8-4BD0-BADD-8222A8E3ACAF} = {3EE3335B-70B2-4EC5-903A-536F7138F446}
		{481651CE-5A42-432A-B3F9-E53D3AB6BECB} = {422C3A4D-F3A3-4F4A-8C89-022A3DB0B7C4}
		{08C21650-9455-4B78-8D5A-1C3D5571F5DD} = {B242C961-239F-4809-97BB-5C4C2390F836}
		{43DCFD45-91B5-49A0-B25C-9D1D19C43BE3} = {422C3A4D-F3A3-4F4A-8C89-022A3DB0B7C4}
		{22BC1435-FAA4-4A86-866D-CAC33D74DAF5} = {61079885-2649-44DD-ACE6-0AB6BACCB3CC}
	EndGlobalSection
	GlobalSection(ExtensibilityGlobals) = postSolution
		SolutionGuid = {CBF1EC28-6A0B-449D-926E-45299E790506}
	EndGlobalSection
EndGlobal
